// !$*UTF8*$!
{
	archiveVersion = 1;
	classes = {
	};
	objectVersion = 56;
	objects = {

/* Begin PBXBuildFile section */
		E924C882294EC8D000D85BFD /* TimerLabelView.swift in Sources */ = {isa = PBXBuildFile; fileRef = E924C881294EC8D000D85BFD /* TimerLabelView.swift */; };
		E924C884294ED66600D85BFD /* TimerLabelTests.swift in Sources */ = {isa = PBXBuildFile; fileRef = E924C883294ED66600D85BFD /* TimerLabelTests.swift */; };
		E924C886294ED93100D85BFD /* GameView.swift in Sources */ = {isa = PBXBuildFile; fileRef = E924C885294ED93100D85BFD /* GameView.swift */; };
		E924C888294F78A100D85BFD /* GameResultListView.swift in Sources */ = {isa = PBXBuildFile; fileRef = E924C887294F78A100D85BFD /* GameResultListView.swift */; };
		E9D7739A294CE84B0093F59A /* GameApp.swift in Sources */ = {isa = PBXBuildFile; fileRef = E9D77399294CE84B0093F59A /* GameApp.swift */; };
		E9D7739C294CE84B0093F59A /* CounterView.swift in Sources */ = {isa = PBXBuildFile; fileRef = E9D7739B294CE84B0093F59A /* CounterView.swift */; };
		E9D7739E294CE84F0093F59A /* Assets.xcassets in Resources */ = {isa = PBXBuildFile; fileRef = E9D7739D294CE84F0093F59A /* Assets.xcassets */; };
		E9D773A1294CE84F0093F59A /* Preview Assets.xcassets in Resources */ = {isa = PBXBuildFile; fileRef = E9D773A0294CE84F0093F59A /* Preview Assets.xcassets */; };
		E9D773AB294CE84F0093F59A /* CounterTests.swift in Sources */ = {isa = PBXBuildFile; fileRef = E9D773AA294CE84F0093F59A /* CounterTests.swift */; };
		E9D773B5294CE84F0093F59A /* CounterUITests.swift in Sources */ = {isa = PBXBuildFile; fileRef = E9D773B4294CE84F0093F59A /* CounterUITests.swift */; };
		E9D773B7294CE84F0093F59A /* CounterUITestsLaunchTests.swift in Sources */ = {isa = PBXBuildFile; fileRef = E9D773B6294CE84F0093F59A /* CounterUITestsLaunchTests.swift */; };
		E9D773C5294CEB990093F59A /* ComposableArchitecture in Frameworks */ = {isa = PBXBuildFile; productRef = E9D773C4294CEB990093F59A /* ComposableArchitecture */; };
/* End PBXBuildFile section */

/* Begin PBXContainerItemProxy section */
		E9D773A7294CE84F0093F59A /* PBXContainerItemProxy */ = {
			isa = PBXContainerItemProxy;
			containerPortal = E9D7738E294CE84B0093F59A /* Project object */;
			proxyType = 1;
			remoteGlobalIDString = E9D77395294CE84B0093F59A;
			remoteInfo = Counter;
		};
		E9D773B1294CE84F0093F59A /* PBXContainerItemProxy */ = {
			isa = PBXContainerItemProxy;
			containerPortal = E9D7738E294CE84B0093F59A /* Project object */;
			proxyType = 1;
			remoteGlobalIDString = E9D77395294CE84B0093F59A;
			remoteInfo = Counter;
		};
/* End PBXContainerItemProxy section */

/* Begin PBXFileReference section */
		E924C881294EC8D000D85BFD /* TimerLabelView.swift */ = {isa = PBXFileReference; lastKnownFileType = sourcecode.swift; path = TimerLabelView.swift; sourceTree = "<group>"; };
		E924C883294ED66600D85BFD /* TimerLabelTests.swift */ = {isa = PBXFileReference; lastKnownFileType = sourcecode.swift; path = TimerLabelTests.swift; sourceTree = "<group>"; };
		E924C885294ED93100D85BFD /* GameView.swift */ = {isa = PBXFileReference; lastKnownFileType = sourcecode.swift; path = GameView.swift; sourceTree = SOURCE_ROOT; };
		E924C887294F78A100D85BFD /* GameResultListView.swift */ = {isa = PBXFileReference; lastKnownFileType = sourcecode.swift; path = GameResultListView.swift; sourceTree = "<group>"; usesTabs = 0; };
		E9D77396294CE84B0093F59A /* Counter.app */ = {isa = PBXFileReference; explicitFileType = wrapper.application; includeInIndex = 0; path = Counter.app; sourceTree = BUILT_PRODUCTS_DIR; };
		E9D77399294CE84B0093F59A /* GameApp.swift */ = {isa = PBXFileReference; lastKnownFileType = sourcecode.swift; path = GameApp.swift; sourceTree = "<group>"; };
		E9D7739B294CE84B0093F59A /* CounterView.swift */ = {isa = PBXFileReference; lastKnownFileType = sourcecode.swift; path = CounterView.swift; sourceTree = "<group>"; };
		E9D7739D294CE84F0093F59A /* Assets.xcassets */ = {isa = PBXFileReference; lastKnownFileType = folder.assetcatalog; path = Assets.xcassets; sourceTree = "<group>"; };
		E9D773A0294CE84F0093F59A /* Preview Assets.xcassets */ = {isa = PBXFileReference; lastKnownFileType = folder.assetcatalog; path = "Preview Assets.xcassets"; sourceTree = "<group>"; };
		E9D773A6294CE84F0093F59A /* CounterTests.xctest */ = {isa = PBXFileReference; explicitFileType = wrapper.cfbundle; includeInIndex = 0; path = CounterTests.xctest; sourceTree = BUILT_PRODUCTS_DIR; };
		E9D773AA294CE84F0093F59A /* CounterTests.swift */ = {isa = PBXFileReference; lastKnownFileType = sourcecode.swift; path = CounterTests.swift; sourceTree = "<group>"; };
		E9D773B0294CE84F0093F59A /* CounterUITests.xctest */ = {isa = PBXFileReference; explicitFileType = wrapper.cfbundle; includeInIndex = 0; path = CounterUITests.xctest; sourceTree = BUILT_PRODUCTS_DIR; };
		E9D773B4294CE84F0093F59A /* CounterUITests.swift */ = {isa = PBXFileReference; lastKnownFileType = sourcecode.swift; path = CounterUITests.swift; sourceTree = "<group>"; };
		E9D773B6294CE84F0093F59A /* CounterUITestsLaunchTests.swift */ = {isa = PBXFileReference; lastKnownFileType = sourcecode.swift; path = CounterUITestsLaunchTests.swift; sourceTree = "<group>"; };
/* End PBXFileReference section */

/* Begin PBXFrameworksBuildPhase section */
		E9D77393294CE84B0093F59A /* Frameworks */ = {
			isa = PBXFrameworksBuildPhase;
			buildActionMask = 2147483647;
			files = (
				E9D773C5294CEB990093F59A /* ComposableArchitecture in Frameworks */,
			);
			runOnlyForDeploymentPostprocessing = 0;
		};
		E9D773A3294CE84F0093F59A /* Frameworks */ = {
			isa = PBXFrameworksBuildPhase;
			buildActionMask = 2147483647;
			files = (
			);
			runOnlyForDeploymentPostprocessing = 0;
		};
		E9D773AD294CE84F0093F59A /* Frameworks */ = {
			isa = PBXFrameworksBuildPhase;
			buildActionMask = 2147483647;
			files = (
			);
			runOnlyForDeploymentPostprocessing = 0;
		};
/* End PBXFrameworksBuildPhase section */

/* Begin PBXGroup section */
		E9D7738D294CE84B0093F59A = {
			isa = PBXGroup;
			children = (
				E9D77398294CE84B0093F59A /* Counter */,
				E9D773A9294CE84F0093F59A /* CounterTests */,
				E9D773B3294CE84F0093F59A /* CounterUITests */,
				E9D77397294CE84B0093F59A /* Products */,
			);
			sourceTree = "<group>";
		};
		E9D77397294CE84B0093F59A /* Products */ = {
			isa = PBXGroup;
			children = (
				E9D77396294CE84B0093F59A /* Counter.app */,
				E9D773A6294CE84F0093F59A /* CounterTests.xctest */,
				E9D773B0294CE84F0093F59A /* CounterUITests.xctest */,
			);
			name = Products;
			sourceTree = "<group>";
		};
		E9D77398294CE84B0093F59A /* Counter */ = {
			isa = PBXGroup;
			children = (
				E9D77399294CE84B0093F59A /* GameApp.swift */,
				E924C885294ED93100D85BFD /* GameView.swift */,
				E924C887294F78A100D85BFD /* GameResultListView.swift */,
				E924C881294EC8D000D85BFD /* TimerLabelView.swift */,
				E9D7739B294CE84B0093F59A /* CounterView.swift */,
				E9D7739D294CE84F0093F59A /* Assets.xcassets */,
				E9D7739F294CE84F0093F59A /* Preview Content */,
			);
			path = Counter;
			sourceTree = "<group>";
		};
		E9D7739F294CE84F0093F59A /* Preview Content */ = {
			isa = PBXGroup;
			children = (
				E9D773A0294CE84F0093F59A /* Preview Assets.xcassets */,
			);
			path = "Preview Content";
			sourceTree = "<group>";
		};
		E9D773A9294CE84F0093F59A /* CounterTests */ = {
			isa = PBXGroup;
			children = (
				E9D773AA294CE84F0093F59A /* CounterTests.swift */,
				E924C883294ED66600D85BFD /* TimerLabelTests.swift */,
			);
			path = CounterTests;
			sourceTree = "<group>";
		};
		E9D773B3294CE84F0093F59A /* CounterUITests */ = {
			isa = PBXGroup;
			children = (
				E9D773B4294CE84F0093F59A /* CounterUITests.swift */,
				E9D773B6294CE84F0093F59A /* CounterUITestsLaunchTests.swift */,
			);
			path = CounterUITests;
			sourceTree = "<group>";
		};
/* End PBXGroup section */

/* Begin PBXNativeTarget section */
		E9D77395294CE84B0093F59A /* Counter */ = {
			isa = PBXNativeTarget;
			buildConfigurationList = E9D773BA294CE84F0093F59A /* Build configuration list for PBXNativeTarget "Counter" */;
			buildPhases = (
				E9D77392294CE84B0093F59A /* Sources */,
				E9D77393294CE84B0093F59A /* Frameworks */,
				E9D77394294CE84B0093F59A /* Resources */,
			);
			buildRules = (
			);
			dependencies = (
			);
			name = Counter;
			packageProductDependencies = (
				E9D773C4294CEB990093F59A /* ComposableArchitecture */,
			);
			productName = Counter;
			productReference = E9D77396294CE84B0093F59A /* Counter.app */;
			productType = "com.apple.product-type.application";
		};
		E9D773A5294CE84F0093F59A /* CounterTests */ = {
			isa = PBXNativeTarget;
			buildConfigurationList = E9D773BD294CE84F0093F59A /* Build configuration list for PBXNativeTarget "CounterTests" */;
			buildPhases = (
				E9D773A2294CE84F0093F59A /* Sources */,
				E9D773A3294CE84F0093F59A /* Frameworks */,
				E9D773A4294CE84F0093F59A /* Resources */,
			);
			buildRules = (
			);
			dependencies = (
				E9D773A8294CE84F0093F59A /* PBXTargetDependency */,
			);
			name = CounterTests;
			productName = CounterTests;
			productReference = E9D773A6294CE84F0093F59A /* CounterTests.xctest */;
			productType = "com.apple.product-type.bundle.unit-test";
		};
		E9D773AF294CE84F0093F59A /* CounterUITests */ = {
			isa = PBXNativeTarget;
			buildConfigurationList = E9D773C0294CE84F0093F59A /* Build configuration list for PBXNativeTarget "CounterUITests" */;
			buildPhases = (
				E9D773AC294CE84F0093F59A /* Sources */,
				E9D773AD294CE84F0093F59A /* Frameworks */,
				E9D773AE294CE84F0093F59A /* Resources */,
			);
			buildRules = (
			);
			dependencies = (
				E9D773B2294CE84F0093F59A /* PBXTargetDependency */,
			);
			name = CounterUITests;
			productName = CounterUITests;
			productReference = E9D773B0294CE84F0093F59A /* CounterUITests.xctest */;
			productType = "com.apple.product-type.bundle.ui-testing";
		};
/* End PBXNativeTarget section */

/* Begin PBXProject section */
		E9D7738E294CE84B0093F59A /* Project object */ = {
			isa = PBXProject;
			attributes = {
				BuildIndependentTargetsInParallel = 1;
				LastSwiftUpdateCheck = 1410;
				LastUpgradeCheck = 1410;
				TargetAttributes = {
					E9D77395294CE84B0093F59A = {
						CreatedOnToolsVersion = 14.1;
					};
					E9D773A5294CE84F0093F59A = {
						CreatedOnToolsVersion = 14.1;
						TestTargetID = E9D77395294CE84B0093F59A;
					};
					E9D773AF294CE84F0093F59A = {
						CreatedOnToolsVersion = 14.1;
						TestTargetID = E9D77395294CE84B0093F59A;
					};
				};
			};
			buildConfigurationList = E9D77391294CE84B0093F59A /* Build configuration list for PBXProject "Counter" */;
			compatibilityVersion = "Xcode 14.0";
			developmentRegion = en;
			hasScannedForEncodings = 0;
			knownRegions = (
				en,
				Base,
			);
			mainGroup = E9D7738D294CE84B0093F59A;
			packageReferences = (
				E9D773C3294CEB990093F59A /* XCRemoteSwiftPackageReference "swift-composable-architecture" */,
			);
			productRefGroup = E9D77397294CE84B0093F59A /* Products */;
			projectDirPath = "";
			projectRoot = "";
			targets = (
				E9D77395294CE84B0093F59A /* Counter */,
				E9D773A5294CE84F0093F59A /* CounterTests */,
				E9D773AF294CE84F0093F59A /* CounterUITests */,
			);
		};
/* End PBXProject section */

/* Begin PBXResourcesBuildPhase section */
		E9D77394294CE84B0093F59A /* Resources */ = {
			isa = PBXResourcesBuildPhase;
			buildActionMask = 2147483647;
			files = (
				E9D773A1294CE84F0093F59A /* Preview Assets.xcassets in Resources */,
				E9D7739E294CE84F0093F59A /* Assets.xcassets in Resources */,
			);
			runOnlyForDeploymentPostprocessing = 0;
		};
		E9D773A4294CE84F0093F59A /* Resources */ = {
			isa = PBXResourcesBuildPhase;
			buildActionMask = 2147483647;
			files = (
			);
			runOnlyForDeploymentPostprocessing = 0;
		};
		E9D773AE294CE84F0093F59A /* Resources */ = {
			isa = PBXResourcesBuildPhase;
			buildActionMask = 2147483647;
			files = (
			);
			runOnlyForDeploymentPostprocessing = 0;
		};
/* End PBXResourcesBuildPhase section */

/* Begin PBXSourcesBuildPhase section */
		E9D77392294CE84B0093F59A /* Sources */ = {
			isa = PBXSourcesBuildPhase;
			buildActionMask = 2147483647;
			files = (
				E924C888294F78A100D85BFD /* GameResultListView.swift in Sources */,
				E9D7739C294CE84B0093F59A /* CounterView.swift in Sources */,
				E9D7739A294CE84B0093F59A /* GameApp.swift in Sources */,
				E924C886294ED93100D85BFD /* GameView.swift in Sources */,
				E924C882294EC8D000D85BFD /* TimerLabelView.swift in Sources */,
			);
			runOnlyForDeploymentPostprocessing = 0;
		};
		E9D773A2294CE84F0093F59A /* Sources */ = {
			isa = PBXSourcesBuildPhase;
			buildActionMask = 2147483647;
			files = (
				E924C884294ED66600D85BFD /* TimerLabelTests.swift in Sources */,
				E9D773AB294CE84F0093F59A /* CounterTests.swift in Sources */,
			);
			runOnlyForDeploymentPostprocessing = 0;
		};
		E9D773AC294CE84F0093F59A /* Sources */ = {
			isa = PBXSourcesBuildPhase;
			buildActionMask = 2147483647;
			files = (
				E9D773B5294CE84F0093F59A /* CounterUITests.swift in Sources */,
				E9D773B7294CE84F0093F59A /* CounterUITestsLaunchTests.swift in Sources */,
			);
			runOnlyForDeploymentPostprocessing = 0;
		};
/* End PBXSourcesBuildPhase section */

/* Begin PBXTargetDependency section */
		E9D773A8294CE84F0093F59A /* PBXTargetDependency */ = {
			isa = PBXTargetDependency;
			target = E9D77395294CE84B0093F59A /* Counter */;
			targetProxy = E9D773A7294CE84F0093F59A /* PBXContainerItemProxy */;
		};
		E9D773B2294CE84F0093F59A /* PBXTargetDependency */ = {
			isa = PBXTargetDependency;
			target = E9D77395294CE84B0093F59A /* Counter */;
			targetProxy = E9D773B1294CE84F0093F59A /* PBXContainerItemProxy */;
		};
/* End PBXTargetDependency section */

/* Begin XCBuildConfiguration section */
		E9D773B8294CE84F0093F59A /* Debug */ = {
			isa = XCBuildConfiguration;
			buildSettings = {
				ALWAYS_SEARCH_USER_PATHS = NO;
				CLANG_ANALYZER_NONNULL = YES;
				CLANG_ANALYZER_NUMBER_OBJECT_CONVERSION = YES_AGGRESSIVE;
				CLANG_CXX_LANGUAGE_STANDARD = "gnu++20";
				CLANG_ENABLE_MODULES = YES;
				CLANG_ENABLE_OBJC_ARC = YES;
				CLANG_ENABLE_OBJC_WEAK = YES;
				CLANG_WARN_BLOCK_CAPTURE_AUTORELEASING = YES;
				CLANG_WARN_BOOL_CONVERSION = YES;
				CLANG_WARN_COMMA = YES;
				CLANG_WARN_CONSTANT_CONVERSION = YES;
				CLANG_WARN_DEPRECATED_OBJC_IMPLEMENTATIONS = YES;
				CLANG_WARN_DIRECT_OBJC_ISA_USAGE = YES_ERROR;
				CLANG_WARN_DOCUMENTATION_COMMENTS = YES;
				CLANG_WARN_EMPTY_BODY = YES;
				CLANG_WARN_ENUM_CONVERSION = YES;
				CLANG_WARN_INFINITE_RECURSION = YES;
				CLANG_WARN_INT_CONVERSION = YES;
				CLANG_WARN_NON_LITERAL_NULL_CONVERSION = YES;
				CLANG_WARN_OBJC_IMPLICIT_RETAIN_SELF = YES;
				CLANG_WARN_OBJC_LITERAL_CONVERSION = YES;
				CLANG_WARN_OBJC_ROOT_CLASS = YES_ERROR;
				CLANG_WARN_QUOTED_INCLUDE_IN_FRAMEWORK_HEADER = YES;
				CLANG_WARN_RANGE_LOOP_ANALYSIS = YES;
				CLANG_WARN_STRICT_PROTOTYPES = YES;
				CLANG_WARN_SUSPICIOUS_MOVE = YES;
				CLANG_WARN_UNGUARDED_AVAILABILITY = YES_AGGRESSIVE;
				CLANG_WARN_UNREACHABLE_CODE = YES;
				CLANG_WARN__DUPLICATE_METHOD_MATCH = YES;
				COPY_PHASE_STRIP = NO;
				DEBUG_INFORMATION_FORMAT = dwarf;
				ENABLE_STRICT_OBJC_MSGSEND = YES;
				ENABLE_TESTABILITY = YES;
				GCC_C_LANGUAGE_STANDARD = gnu11;
				GCC_DYNAMIC_NO_PIC = NO;
				GCC_NO_COMMON_BLOCKS = YES;
				GCC_OPTIMIZATION_LEVEL = 0;
				GCC_PREPROCESSOR_DEFINITIONS = (
					"DEBUG=1",
					"$(inherited)",
				);
				GCC_WARN_64_TO_32_BIT_CONVERSION = YES;
				GCC_WARN_ABOUT_RETURN_TYPE = YES_ERROR;
				GCC_WARN_UNDECLARED_SELECTOR = YES;
				GCC_WARN_UNINITIALIZED_AUTOS = YES_AGGRESSIVE;
				GCC_WARN_UNUSED_FUNCTION = YES;
				GCC_WARN_UNUSED_VARIABLE = YES;
				IPHONEOS_DEPLOYMENT_TARGET = 16.1;
				MTL_ENABLE_DEBUG_INFO = INCLUDE_SOURCE;
				MTL_FAST_MATH = YES;
				ONLY_ACTIVE_ARCH = YES;
				SDKROOT = iphoneos;
				SWIFT_ACTIVE_COMPILATION_CONDITIONS = DEBUG;
				SWIFT_OPTIMIZATION_LEVEL = "-Onone";
			};
			name = Debug;
		};
		E9D773B9294CE84F0093F59A /* Release */ = {
			isa = XCBuildConfiguration;
			buildSettings = {
				ALWAYS_SEARCH_USER_PATHS = NO;
				CLANG_ANALYZER_NONNULL = YES;
				CLANG_ANALYZER_NUMBER_OBJECT_CONVERSION = YES_AGGRESSIVE;
				CLANG_CXX_LANGUAGE_STANDARD = "gnu++20";
				CLANG_ENABLE_MODULES = YES;
				CLANG_ENABLE_OBJC_ARC = YES;
				CLANG_ENABLE_OBJC_WEAK = YES;
				CLANG_WARN_BLOCK_CAPTURE_AUTORELEASING = YES;
				CLANG_WARN_BOOL_CONVERSION = YES;
				CLANG_WARN_COMMA = YES;
				CLANG_WARN_CONSTANT_CONVERSION = YES;
				CLANG_WARN_DEPRECATED_OBJC_IMPLEMENTATIONS = YES;
				CLANG_WARN_DIRECT_OBJC_ISA_USAGE = YES_ERROR;
				CLANG_WARN_DOCUMENTATION_COMMENTS = YES;
				CLANG_WARN_EMPTY_BODY = YES;
				CLANG_WARN_ENUM_CONVERSION = YES;
				CLANG_WARN_INFINITE_RECURSION = YES;
				CLANG_WARN_INT_CONVERSION = YES;
				CLANG_WARN_NON_LITERAL_NULL_CONVERSION = YES;
				CLANG_WARN_OBJC_IMPLICIT_RETAIN_SELF = YES;
				CLANG_WARN_OBJC_LITERAL_CONVERSION = YES;
				CLANG_WARN_OBJC_ROOT_CLASS = YES_ERROR;
				CLANG_WARN_QUOTED_INCLUDE_IN_FRAMEWORK_HEADER = YES;
				CLANG_WARN_RANGE_LOOP_ANALYSIS = YES;
				CLANG_WARN_STRICT_PROTOTYPES = YES;
				CLANG_WARN_SUSPICIOUS_MOVE = YES;
				CLANG_WARN_UNGUARDED_AVAILABILITY = YES_AGGRESSIVE;
				CLANG_WARN_UNREACHABLE_CODE = YES;
				CLANG_WARN__DUPLICATE_METHOD_MATCH = YES;
				COPY_PHASE_STRIP = NO;
				DEBUG_INFORMATION_FORMAT = "dwarf-with-dsym";
				ENABLE_NS_ASSERTIONS = NO;
				ENABLE_STRICT_OBJC_MSGSEND = YES;
				GCC_C_LANGUAGE_STANDARD = gnu11;
				GCC_NO_COMMON_BLOCKS = YES;
				GCC_WARN_64_TO_32_BIT_CONVERSION = YES;
				GCC_WARN_ABOUT_RETURN_TYPE = YES_ERROR;
				GCC_WARN_UNDECLARED_SELECTOR = YES;
				GCC_WARN_UNINITIALIZED_AUTOS = YES_AGGRESSIVE;
				GCC_WARN_UNUSED_FUNCTION = YES;
				GCC_WARN_UNUSED_VARIABLE = YES;
				IPHONEOS_DEPLOYMENT_TARGET = 16.1;
				MTL_ENABLE_DEBUG_INFO = NO;
				MTL_FAST_MATH = YES;
				SDKROOT = iphoneos;
				SWIFT_COMPILATION_MODE = wholemodule;
				SWIFT_OPTIMIZATION_LEVEL = "-O";
				VALIDATE_PRODUCT = YES;
			};
			name = Release;
		};
		E9D773BB294CE84F0093F59A /* Debug */ = {
			isa = XCBuildConfiguration;
			buildSettings = {
				ASSETCATALOG_COMPILER_APPICON_NAME = AppIcon;
				ASSETCATALOG_COMPILER_GLOBAL_ACCENT_COLOR_NAME = AccentColor;
				CODE_SIGN_STYLE = Automatic;
				CURRENT_PROJECT_VERSION = 1;
				DEVELOPMENT_ASSET_PATHS = "\"Counter/Preview Content\"";
				ENABLE_PREVIEWS = YES;
				GENERATE_INFOPLIST_FILE = YES;
				INFOPLIST_KEY_UIApplicationSceneManifest_Generation = YES;
				INFOPLIST_KEY_UIApplicationSupportsIndirectInputEvents = YES;
				INFOPLIST_KEY_UILaunchScreen_Generation = YES;
				INFOPLIST_KEY_UISupportedInterfaceOrientations_iPad = "UIInterfaceOrientationPortrait UIInterfaceOrientationPortraitUpsideDown UIInterfaceOrientationLandscapeLeft UIInterfaceOrientationLandscapeRight";
				INFOPLIST_KEY_UISupportedInterfaceOrientations_iPhone = "UIInterfaceOrientationPortrait UIInterfaceOrientationLandscapeLeft UIInterfaceOrientationLandscapeRight";
				LD_RUNPATH_SEARCH_PATHS = (
					"$(inherited)",
					"@executable_path/Frameworks",
				);
				MARKETING_VERSION = 1.0;
				PRODUCT_BUNDLE_IDENTIFIER = chai.Counter;
				PRODUCT_NAME = "$(TARGET_NAME)";
				SWIFT_EMIT_LOC_STRINGS = YES;
				SWIFT_VERSION = 5.0;
				TARGETED_DEVICE_FAMILY = "1,2";
			};
			name = Debug;
		};
		E9D773BC294CE84F0093F59A /* Release */ = {
			isa = XCBuildConfiguration;
			buildSettings = {
				ASSETCATALOG_COMPILER_APPICON_NAME = AppIcon;
				ASSETCATALOG_COMPILER_GLOBAL_ACCENT_COLOR_NAME = AccentColor;
				CODE_SIGN_STYLE = Automatic;
				CURRENT_PROJECT_VERSION = 1;
				DEVELOPMENT_ASSET_PATHS = "\"Counter/Preview Content\"";
				ENABLE_PREVIEWS = YES;
				GENERATE_INFOPLIST_FILE = YES;
				INFOPLIST_KEY_UIApplicationSceneManifest_Generation = YES;
				INFOPLIST_KEY_UIApplicationSupportsIndirectInputEvents = YES;
				INFOPLIST_KEY_UILaunchScreen_Generation = YES;
				INFOPLIST_KEY_UISupportedInterfaceOrientations_iPad = "UIInterfaceOrientationPortrait UIInterfaceOrientationPortraitUpsideDown UIInterfaceOrientationLandscapeLeft UIInterfaceOrientationLandscapeRight";
				INFOPLIST_KEY_UISupportedInterfaceOrientations_iPhone = "UIInterfaceOrientationPortrait UIInterfaceOrientationLandscapeLeft UIInterfaceOrientationLandscapeRight";
				LD_RUNPATH_SEARCH_PATHS = (
					"$(inherited)",
					"@executable_path/Frameworks",
				);
				MARKETING_VERSION = 1.0;
				PRODUCT_BUNDLE_IDENTIFIER = chai.Counter;
				PRODUCT_NAME = "$(TARGET_NAME)";
				SWIFT_EMIT_LOC_STRINGS = YES;
				SWIFT_VERSION = 5.0;
				TARGETED_DEVICE_FAMILY = "1,2";
			};
			name = Release;
		};
		E9D773BE294CE84F0093F59A /* Debug */ = {
			isa = XCBuildConfiguration;
			buildSettings = {
				ALWAYS_EMBED_SWIFT_STANDARD_LIBRARIES = YES;
				BUNDLE_LOADER = "$(TEST_HOST)";
				CODE_SIGN_STYLE = Automatic;
				CURRENT_PROJECT_VERSION = 1;
				GENERATE_INFOPLIST_FILE = YES;
				IPHONEOS_DEPLOYMENT_TARGET = 16.1;
				MARKETING_VERSION = 1.0;
				PRODUCT_BUNDLE_IDENTIFIER = chai.CounterTests;
				PRODUCT_NAME = "$(TARGET_NAME)";
				SWIFT_EMIT_LOC_STRINGS = NO;
				SWIFT_VERSION = 5.0;
				TARGETED_DEVICE_FAMILY = "1,2";
				TEST_HOST = "$(BUILT_PRODUCTS_DIR)/Counter.app/$(BUNDLE_EXECUTABLE_FOLDER_PATH)/Counter";
			};
			name = Debug;
		};
		E9D773BF294CE84F0093F59A /* Release */ = {
			isa = XCBuildConfiguration;
			buildSettings = {
				ALWAYS_EMBED_SWIFT_STANDARD_LIBRARIES = YES;
				BUNDLE_LOADER = "$(TEST_HOST)";
				CODE_SIGN_STYLE = Automatic;
				CURRENT_PROJECT_VERSION = 1;
				GENERATE_INFOPLIST_FILE = YES;
				IPHONEOS_DEPLOYMENT_TARGET = 16.1;
				MARKETING_VERSION = 1.0;
				PRODUCT_BUNDLE_IDENTIFIER = chai.CounterTests;
				PRODUCT_NAME = "$(TARGET_NAME)";
				SWIFT_EMIT_LOC_STRINGS = NO;
				SWIFT_VERSION = 5.0;
				TARGETED_DEVICE_FAMILY = "1,2";
				TEST_HOST = "$(BUILT_PRODUCTS_DIR)/Counter.app/$(BUNDLE_EXECUTABLE_FOLDER_PATH)/Counter";
			};
			name = Release;
		};
		E9D773C1294CE84F0093F59A /* Debug */ = {
			isa = XCBuildConfiguration;
			buildSettings = {
				ALWAYS_EMBED_SWIFT_STANDARD_LIBRARIES = YES;
				CODE_SIGN_STYLE = Automatic;
				CURRENT_PROJECT_VERSION = 1;
				GENERATE_INFOPLIST_FILE = YES;
				MARKETING_VERSION = 1.0;
				PRODUCT_BUNDLE_IDENTIFIER = chai.CounterUITests;
				PRODUCT_NAME = "$(TARGET_NAME)";
				SWIFT_EMIT_LOC_STRINGS = NO;
				SWIFT_VERSION = 5.0;
				TARGETED_DEVICE_FAMILY = "1,2";
				TEST_TARGET_NAME = Counter;
			};
			name = Debug;
		};
		E9D773C2294CE84F0093F59A /* Release */ = {
			isa = XCBuildConfiguration;
			buildSettings = {
				ALWAYS_EMBED_SWIFT_STANDARD_LIBRARIES = YES;
				CODE_SIGN_STYLE = Automatic;
				CURRENT_PROJECT_VERSION = 1;
				GENERATE_INFOPLIST_FILE = YES;
				MARKETING_VERSION = 1.0;
				PRODUCT_BUNDLE_IDENTIFIER = chai.CounterUITests;
				PRODUCT_NAME = "$(TARGET_NAME)";
				SWIFT_EMIT_LOC_STRINGS = NO;
				SWIFT_VERSION = 5.0;
				TARGETED_DEVICE_FAMILY = "1,2";
				TEST_TARGET_NAME = Counter;
			};
			name = Release;
		};
/* End XCBuildConfiguration section */

/* Begin XCConfigurationList section */
		E9D77391294CE84B0093F59A /* Build configuration list for PBXProject "Counter" */ = {
			isa = XCConfigurationList;
			buildConfigurations = (
				E9D773B8294CE84F0093F59A /* Debug */,
				E9D773B9294CE84F0093F59A /* Release */,
			);
			defaultConfigurationIsVisible = 0;
			defaultConfigurationName = Release;
		};
		E9D773BA294CE84F0093F59A /* Build configuration list for PBXNativeTarget "Counter" */ = {
			isa = XCConfigurationList;
			buildConfigurations = (
				E9D773BB294CE84F0093F59A /* Debug */,
				E9D773BC294CE84F0093F59A /* Release */,
			);
			defaultConfigurationIsVisible = 0;
			defaultConfigurationName = Release;
		};
		E9D773BD294CE84F0093F59A /* Build configuration list for PBXNativeTarget "CounterTests" */ = {
			isa = XCConfigurationList;
			buildConfigurations = (
				E9D773BE294CE84F0093F59A /* Debug */,
				E9D773BF294CE84F0093F59A /* Release */,
			);
			defaultConfigurationIsVisible = 0;
			defaultConfigurationName = Release;
		};
		E9D773C0294CE84F0093F59A /* Build configuration list for PBXNativeTarget "CounterUITests" */ = {
			isa = XCConfigurationList;
			buildConfigurations = (
				E9D773C1294CE84F0093F59A /* Debug */,
				E9D773C2294CE84F0093F59A /* Release */,
			);
			defaultConfigurationIsVisible = 0;
			defaultConfigurationName = Release;
		};
/* End XCConfigurationList section */

/* Begin XCRemoteSwiftPackageReference section */
		E9D773C3294CEB990093F59A /* XCRemoteSwiftPackageReference "swift-composable-architecture" */ = {
			isa = XCRemoteSwiftPackageReference;
			repositoryURL = "https://github.com/pointfreeco/swift-composable-architecture";
			requirement = {
				branch = main;
				kind = branch;
			};
		};
/* End XCRemoteSwiftPackageReference section */

/* Begin XCSwiftPackageProductDependency section */
		E9D773C4294CEB990093F59A /* ComposableArchitecture */ = {
			isa = XCSwiftPackageProductDependency;
			package = E9D773C3294CEB990093F59A /* XCRemoteSwiftPackageReference "swift-composable-architecture" */;
			productName = ComposableArchitecture;
		};
/* End XCSwiftPackageProductDependency section */
	};
	rootObject = E9D7738E294CE84B0093F59A /* Project object */;
}
